
Microsoft Visual Studio Solution File, Format Version 12.00
# Visual Studio Version 17
VisualStudioVersion = 17.8.34330.188
MinimumVisualStudioVersion = 10.0.40219.1
Project("{9A19103F-16F7-4668-BE54-9A1E7A4F7556}") = "ProductService", "ProductService.csproj", "{E433EEB1-5D05-4DD0-AE6A-C05EEE6CF876}"
EndProject
Global
	GlobalSection(SolutionConfigurationPlatforms) = preSolution
		Debug|Any CPU = Debug|Any CPU
		Release|Any CPU = Release|Any CPU
	EndGlobalSection
	GlobalSection(ProjectConfigurationPlatforms) = postSolution
		{E433EEB1-5D05-4DD0-AE6A-C05EEE6CF876}.Debug|Any CPU.ActiveCfg = Debug|Any CPU
		{E433EEB1-5D05-4DD0-AE6A-C05EEE6CF876}.Debug|Any CPU.Build.0 = Debug|Any CPU
		{E433EEB1-5D05-4DD0-AE6A-C05EEE6CF876}.Release|Any CPU.ActiveCfg = Release|Any CPU
		{E433EEB1-5D05-4DD0-AE6A-C05EEE6CF876}.Release|Any CPU.Build.0 = Release|Any CPU
	EndGlobalSection
	GlobalSection(SolutionProperties) = preSolution
		HideSolutionNode = FALSE
	EndGlobalSection
	GlobalSection(ExtensibilityGlobals) = postSolution
		SolutionGuid = {0D98F07A-C819-4A20-BF65-AACF8DDC08C3}
	EndGlobalSection
EndGlobal
